{
  "requires": true,
  "lockfileVersion": 1,
  "dependencies": {
    "details-dialog-element": {
      "version": "2.0.0",
      "resolved": "https://registry.npmjs.org/details-dialog-element/-/details-dialog-element-2.0.0.tgz",
      "integrity": "sha512-MNJauj8CZNaKQzQgq6SXthRoeFkr+jhChP/UaO3hvSgmt99FtqV/IGnoOCqO3OWLlw6Us0f0dJNNztWlKF/Imw=="
    }
  }
}
